PODS:
  - YouboraLib (6.5.17)

DEPENDENCIES:
  - YouboraLib (from `~/Documents/Projects/lib-plugin-ios`)

EXTERNAL SOURCES:
  YouboraLib:
    :path: "~/Documents/Projects/lib-plugin-ios"

SPEC CHECKSUMS:
  YouboraLib: 6371f0eb9583bb7cfcf6f227a5dd06f16ccd5d2a

PODFILE CHECKSUM: 5d851b8e384518c8de3d30a074eb7d2f3c583876

COCOAPODS: 1.7.5
